
Microsoft Visual Studio Solution File, Format Version 12.00
# Visual Studio 15
VisualStudioVersion = 15.0.28307.757
MinimumVisualStudioVersion = 10.0.40219.1
Project("{FAE04EC0-301F-11D3-BF4B-00C04F79EFBC}") = "CoffeeShop4App", "CoffeeShop4App\CoffeeShop4App.csproj", "{BF8074A8-56C9-4979-BAC2-85F4E5804DA8}"
EndProject
Global
	GlobalSection(SolutionConfigurationPlatforms) = preSolution
		Debug|Any CPU = Debug|Any CPU
		Release|Any CPU = Release|Any CPU
	EndGlobalSection
	GlobalSection(ProjectConfigurationPlatforms) = postSolution
		{BF8074A8-56C9-4979-BAC2-85F4E5804DA8}.Debug|Any CPU.ActiveCfg = Debug|Any CPU
		{BF8074A8-56C9-4979-BAC2-85F4E5804DA8}.Debug|Any CPU.Build.0 = Debug|Any CPU
		{BF8074A8-56C9-4979-BAC2-85F4E5804DA8}.Release|Any CPU.ActiveCfg = Release|Any CPU
		{BF8074A8-56C9-4979-BAC2-85F4E5804DA8}.Release|Any CPU.Build.0 = Release|Any CPU
	EndGlobalSection
	GlobalSection(SolutionProperties) = preSolution
		HideSolutionNode = FALSE
	EndGlobalSection
	GlobalSection(ExtensibilityGlobals) = postSolution
		SolutionGuid = {40AE99C0-9B66-4EF8-9F17-E131EB05F8EE}
	EndGlobalSection
EndGlobal
